
Microsoft Visual Studio Solution File, Format Version 12.00
# Visual Studio Version 16
VisualStudioVersion = 16.0.810.6
MinimumVisualStudioVersion = 10.0.40219.1
Project("{FAE04EC0-301F-11D3-BF4B-00C04F79EFBC}") = "Send", "Send\Send.csproj", "{CA9E3331-3BFB-4DD0-876E-F8B224857DF1}"
EndProject
Project("{FAE04EC0-301F-11D3-BF4B-00C04F79EFBC}") = "Receive", "Receive\Receive.csproj", "{6A3EAAB2-4906-4546-AF8F-56BBBE588440}"
EndProject
Project("{FAE04EC0-301F-11D3-BF4B-00C04F79EFBC}") = "NewTask", "NewTask\NewTask.csproj", "{801E0653-1BA8-4BF9-B5D4-6EF3F4EF03F2}"
EndProject
Project("{FAE04EC0-301F-11D3-BF4B-00C04F79EFBC}") = "Worker", "Worker\Worker.csproj", "{64D7ADA6-D6AC-4FDE-8062-AE93F75839A9}"
EndProject
Global
	GlobalSection(SolutionConfigurationPlatforms) = preSolution
		Debug|Any CPU = Debug|Any CPU
		Release|Any CPU = Release|Any CPU
	EndGlobalSection
	GlobalSection(ProjectConfigurationPlatforms) = postSolution
		{CA9E3331-3BFB-4DD0-876E-F8B224857DF1}.Debug|Any CPU.ActiveCfg = Debug|Any CPU
		{CA9E3331-3BFB-4DD0-876E-F8B224857DF1}.Debug|Any CPU.Build.0 = Debug|Any CPU
		{CA9E3331-3BFB-4DD0-876E-F8B224857DF1}.Release|Any CPU.ActiveCfg = Release|Any CPU
		{CA9E3331-3BFB-4DD0-876E-F8B224857DF1}.Release|Any CPU.Build.0 = Release|Any CPU
		{6A3EAAB2-4906-4546-AF8F-56BBBE588440}.Debug|Any CPU.ActiveCfg = Debug|Any CPU
		{6A3EAAB2-4906-4546-AF8F-56BBBE588440}.Debug|Any CPU.Build.0 = Debug|Any CPU
		{6A3EAAB2-4906-4546-AF8F-56BBBE588440}.Release|Any CPU.ActiveCfg = Release|Any CPU
		{6A3EAAB2-4906-4546-AF8F-56BBBE588440}.Release|Any CPU.Build.0 = Release|Any CPU
		{801E0653-1BA8-4BF9-B5D4-6EF3F4EF03F2}.Debug|Any CPU.ActiveCfg = Debug|Any CPU
		{801E0653-1BA8-4BF9-B5D4-6EF3F4EF03F2}.Debug|Any CPU.Build.0 = Debug|Any CPU
		{801E0653-1BA8-4BF9-B5D4-6EF3F4EF03F2}.Release|Any CPU.ActiveCfg = Release|Any CPU
		{801E0653-1BA8-4BF9-B5D4-6EF3F4EF03F2}.Release|Any CPU.Build.0 = Release|Any CPU
		{64D7ADA6-D6AC-4FDE-8062-AE93F75839A9}.Debug|Any CPU.ActiveCfg = Debug|Any CPU
		{64D7ADA6-D6AC-4FDE-8062-AE93F75839A9}.Debug|Any CPU.Build.0 = Debug|Any CPU
		{64D7ADA6-D6AC-4FDE-8062-AE93F75839A9}.Release|Any CPU.ActiveCfg = Release|Any CPU
		{64D7ADA6-D6AC-4FDE-8062-AE93F75839A9}.Release|Any CPU.Build.0 = Release|Any CPU
	EndGlobalSection
	GlobalSection(SolutionProperties) = preSolution
		HideSolutionNode = FALSE
	EndGlobalSection
	GlobalSection(ExtensibilityGlobals) = postSolution
		SolutionGuid = {56FA8645-DF90-4632-9C32-AC4A8037DADE}
	EndGlobalSection
EndGlobal
